
Microsoft Visual Studio Solution File, Format Version 12.00
# Visual Studio 15
VisualStudioVersion = 15.0.27130.2010
MinimumVisualStudioVersion = 10.0.40219.1
Project("{FAE04EC0-301F-11D3-BF4B-00C04F79EFBC}") = "Mod1_Lab1_2", "Mod1_Lab1_2\Mod1_Lab1_2.csproj", "{F58DDC21-1681-48AF-B7A4-51B757BFE6FE}"
EndProject
Global
	GlobalSection(SolutionConfigurationPlatforms) = preSolution
		Debug|Any CPU = Debug|Any CPU
		Release|Any CPU = Release|Any CPU
	EndGlobalSection
	GlobalSection(ProjectConfigurationPlatforms) = postSolution
		{F58DDC21-1681-48AF-B7A4-51B757BFE6FE}.Debug|Any CPU.ActiveCfg = Debug|Any CPU
		{F58DDC21-1681-48AF-B7A4-51B757BFE6FE}.Debug|Any CPU.Build.0 = Debug|Any CPU
		{F58DDC21-1681-48AF-B7A4-51B757BFE6FE}.Release|Any CPU.ActiveCfg = Release|Any CPU
		{F58DDC21-1681-48AF-B7A4-51B757BFE6FE}.Release|Any CPU.Build.0 = Release|Any CPU
	EndGlobalSection
	GlobalSection(SolutionProperties) = preSolution
		HideSolutionNode = FALSE
	EndGlobalSection
	GlobalSection(ExtensibilityGlobals) = postSolution
		SolutionGuid = {9D257065-1E66-4F5E-B501-2816B9EC9A76}
	EndGlobalSection
EndGlobal
