
Microsoft Visual Studio Solution File, Format Version 12.00
# Visual Studio 15
VisualStudioVersion = 15.0.27130.2010
MinimumVisualStudioVersion = 10.0.40219.1
Project("{FAE04EC0-301F-11D3-BF4B-00C04F79EFBC}") = "Mod3_SelfAssesmentLab", "Mod3_SelfAssesmentLab\Mod3_SelfAssesmentLab.csproj", "{76C06C1B-7E97-4780-A404-46D6EC0D4F51}"
EndProject
Global
	GlobalSection(SolutionConfigurationPlatforms) = preSolution
		Debug|Any CPU = Debug|Any CPU
		Release|Any CPU = Release|Any CPU
	EndGlobalSection
	GlobalSection(ProjectConfigurationPlatforms) = postSolution
		{76C06C1B-7E97-4780-A404-46D6EC0D4F51}.Debug|Any CPU.ActiveCfg = Debug|Any CPU
		{76C06C1B-7E97-4780-A404-46D6EC0D4F51}.Debug|Any CPU.Build.0 = Debug|Any CPU
		{76C06C1B-7E97-4780-A404-46D6EC0D4F51}.Release|Any CPU.ActiveCfg = Release|Any CPU
		{76C06C1B-7E97-4780-A404-46D6EC0D4F51}.Release|Any CPU.Build.0 = Release|Any CPU
	EndGlobalSection
	GlobalSection(SolutionProperties) = preSolution
		HideSolutionNode = FALSE
	EndGlobalSection
	GlobalSection(ExtensibilityGlobals) = postSolution
		SolutionGuid = {3D5FA23F-4F78-403F-BE14-4ADB2CCE8BE4}
	EndGlobalSection
EndGlobal
