
Microsoft Visual Studio Solution File, Format Version 12.00
# Visual Studio 15
VisualStudioVersion = 15.0.27130.2010
MinimumVisualStudioVersion = 10.0.40219.1
Project("{FAE04EC0-301F-11D3-BF4B-00C04F79EFBC}") = "Mod3_Lab1", "Mod3_Lab1\Mod3_Lab1.csproj", "{7094190C-7F77-45E1-9F26-368F0E3BEA9E}"
EndProject
Global
	GlobalSection(SolutionConfigurationPlatforms) = preSolution
		Debug|Any CPU = Debug|Any CPU
		Release|Any CPU = Release|Any CPU
	EndGlobalSection
	GlobalSection(ProjectConfigurationPlatforms) = postSolution
		{7094190C-7F77-45E1-9F26-368F0E3BEA9E}.Debug|Any CPU.ActiveCfg = Debug|Any CPU
		{7094190C-7F77-45E1-9F26-368F0E3BEA9E}.Debug|Any CPU.Build.0 = Debug|Any CPU
		{7094190C-7F77-45E1-9F26-368F0E3BEA9E}.Release|Any CPU.ActiveCfg = Release|Any CPU
		{7094190C-7F77-45E1-9F26-368F0E3BEA9E}.Release|Any CPU.Build.0 = Release|Any CPU
	EndGlobalSection
	GlobalSection(SolutionProperties) = preSolution
		HideSolutionNode = FALSE
	EndGlobalSection
	GlobalSection(ExtensibilityGlobals) = postSolution
		SolutionGuid = {E6278A72-458B-48FD-BE3C-571777DE6E32}
	EndGlobalSection
EndGlobal
