
Microsoft Visual Studio Solution File, Format Version 12.00
# Visual Studio 15
VisualStudioVersion = 15.0.27130.2010
MinimumVisualStudioVersion = 10.0.40219.1
Project("{FAE04EC0-301F-11D3-BF4B-00C04F79EFBC}") = "Mod2_Lab3", "Mod2_Lab3\Mod2_Lab3.csproj", "{459B75F1-E759-4CB5-8375-AAFFE66D08BB}"
EndProject
Global
	GlobalSection(SolutionConfigurationPlatforms) = preSolution
		Debug|Any CPU = Debug|Any CPU
		Release|Any CPU = Release|Any CPU
	EndGlobalSection
	GlobalSection(ProjectConfigurationPlatforms) = postSolution
		{459B75F1-E759-4CB5-8375-AAFFE66D08BB}.Debug|Any CPU.ActiveCfg = Debug|Any CPU
		{459B75F1-E759-4CB5-8375-AAFFE66D08BB}.Debug|Any CPU.Build.0 = Debug|Any CPU
		{459B75F1-E759-4CB5-8375-AAFFE66D08BB}.Release|Any CPU.ActiveCfg = Release|Any CPU
		{459B75F1-E759-4CB5-8375-AAFFE66D08BB}.Release|Any CPU.Build.0 = Release|Any CPU
	EndGlobalSection
	GlobalSection(SolutionProperties) = preSolution
		HideSolutionNode = FALSE
	EndGlobalSection
	GlobalSection(ExtensibilityGlobals) = postSolution
		SolutionGuid = {62BC6C0F-C822-47AC-9F6F-2775E9440A53}
	EndGlobalSection
EndGlobal
